
Microsoft Visual Studio Solution File, Format Version 12.00
# Visual Studio Version 16
VisualStudioVersion = 16.0.29728.190
MinimumVisualStudioVersion = 10.0.40219.1
Project("{FAE04EC0-301F-11D3-BF4B-00C04F79EFBC}") = "ModernUI", "ModernUI\ModernUI.csproj", "{A81352BB-6587-4B1C-9787-AB55E0293E90}"
EndProject
Global
	GlobalSection(SolutionConfigurationPlatforms) = preSolution
		Debug|Any CPU = Debug|Any CPU
		Release|Any CPU = Release|Any CPU
	EndGlobalSection
	GlobalSection(ProjectConfigurationPlatforms) = postSolution
		{A81352BB-6587-4B1C-9787-AB55E0293E90}.Debug|Any CPU.ActiveCfg = Debug|Any CPU
		{A81352BB-6587-4B1C-9787-AB55E0293E90}.Debug|Any CPU.Build.0 = Debug|Any CPU
		{A81352BB-6587-4B1C-9787-AB55E0293E90}.Release|Any CPU.ActiveCfg = Release|Any CPU
		{A81352BB-6587-4B1C-9787-AB55E0293E90}.Release|Any CPU.Build.0 = Release|Any CPU
	EndGlobalSection
	GlobalSection(SolutionProperties) = preSolution
		HideSolutionNode = FALSE
	EndGlobalSection
	GlobalSection(ExtensibilityGlobals) = postSolution
		SolutionGuid = {821B4474-7018-42EF-A428-4926D41F08DF}
	EndGlobalSection
EndGlobal
